
Microsoft Visual Studio Solution File, Format Version 12.00
# Visual Studio Version 17
VisualStudioVersion = 17.8.34511.84
MinimumVisualStudioVersion = 10.0.40219.1
Project("{FAE04EC0-301F-11D3-BF4B-00C04F79EFBC}") = "JumpKingPunishment", "JumpKingPunishment\JumpKingPunishment.csproj", "{FC8CF04E-C49B-45E5-A600-690D204F2862}"
EndProject
Global
	GlobalSection(SolutionConfigurationPlatforms) = preSolution
		Debug|x64 = Debug|x64
		Release|x64 = Release|x64
	EndGlobalSection
	GlobalSection(ProjectConfigurationPlatforms) = postSolution
		{FC8CF04E-C49B-45E5-A600-690D204F2862}.Debug|x64.ActiveCfg = Debug|x64
		{FC8CF04E-C49B-45E5-A600-690D204F2862}.Debug|x64.Build.0 = Debug|x64
		{FC8CF04E-C49B-45E5-A600-690D204F2862}.Release|x64.ActiveCfg = Release|x64
		{FC8CF04E-C49B-45E5-A600-690D204F2862}.Release|x64.Build.0 = Release|x64
	EndGlobalSection
	GlobalSection(SolutionProperties) = preSolution
		HideSolutionNode = FALSE
	EndGlobalSection
	GlobalSection(ExtensibilityGlobals) = postSolution
		SolutionGuid = {C8DDD930-69B9-4837-BB86-8C8E6DD22BF8}
	EndGlobalSection
EndGlobal
